// !$*UTF8*$!
{
	archiveVersion = 1;
	classes = {
	};
	objectVersion = 55;
	objects = {

/* Begin PBXBuildFile section */
		1828179C2868D9D4009E3524 /* DontBuyIt.xcdatamodeld in Sources */ = {isa = PBXBuildFile; fileRef = 1828179A2868D9D4009E3524 /* DontBuyIt.xcdatamodeld */; };
		1828179F2869ACE1009E3524 /* PersistantModels+Init.swift in Sources */ = {isa = PBXBuildFile; fileRef = 1828179E2869ACE1009E3524 /* PersistantModels+Init.swift */; };
		182817A32869B4AB009E3524 /* APIModels+Init.swift in Sources */ = {isa = PBXBuildFile; fileRef = 182817A22869B4AB009E3524 /* APIModels+Init.swift */; };
		182817A52869B85B009E3524 /* Persistence.swift in Sources */ = {isa = PBXBuildFile; fileRef = 182817A42869B85B009E3524 /* Persistence.swift */; };
		182817A72869BB4E009E3524 /* Storage.swift in Sources */ = {isa = PBXBuildFile; fileRef = 182817A62869BB4E009E3524 /* Storage.swift */; };
		1853D54C283CC84A00179AC5 /* Note.swift in Sources */ = {isa = PBXBuildFile; fileRef = 1853D54B283CC84A00179AC5 /* Note.swift */; };
		1853D550283D2FDA00179AC5 /* BrandListItemView.swift in Sources */ = {isa = PBXBuildFile; fileRef = 1853D54F283D2FDA00179AC5 /* BrandListItemView.swift */; };
		1890242B28460B0F007D16ED /* BrandListItemViewModel.swift in Sources */ = {isa = PBXBuildFile; fileRef = 1890242A28460B0F007D16ED /* BrandListItemViewModel.swift */; };
		18902430284757C4007D16ED /* ActivityIndicator.swift in Sources */ = {isa = PBXBuildFile; fileRef = 1890242F284757C4007D16ED /* ActivityIndicator.swift */; };
		1890243228475831007D16ED /* LoadingView.swift in Sources */ = {isa = PBXBuildFile; fileRef = 1890243128475831007D16ED /* LoadingView.swift */; };
		189CFC3A2848D98300AA80E0 /* BrandDetailsView.swift in Sources */ = {isa = PBXBuildFile; fileRef = 189CFC392848D98300AA80E0 /* BrandDetailsView.swift */; };
		189CFC3E2848DEF300AA80E0 /* ProductItemView.swift in Sources */ = {isa = PBXBuildFile; fileRef = 189CFC3D2848DEF300AA80E0 /* ProductItemView.swift */; };
		189CFC402848E03F00AA80E0 /* BrandDetailsViewModel.swift in Sources */ = {isa = PBXBuildFile; fileRef = 189CFC3F2848E03F00AA80E0 /* BrandDetailsViewModel.swift */; };
		189CFC442848EDA400AA80E0 /* MainViewModel.swift in Sources */ = {isa = PBXBuildFile; fileRef = 189CFC432848EDA400AA80E0 /* MainViewModel.swift */; };
		189CFC482848F28D00AA80E0 /* GradeModel.swift in Sources */ = {isa = PBXBuildFile; fileRef = 189CFC472848F28D00AA80E0 /* GradeModel.swift */; };
		189CFC4A2848F3F200AA80E0 /* ProductModel.swift in Sources */ = {isa = PBXBuildFile; fileRef = 189CFC492848F3F200AA80E0 /* ProductModel.swift */; };
		189CFC4C2848F42E00AA80E0 /* BrandModel.swift in Sources */ = {isa = PBXBuildFile; fileRef = 189CFC4B2848F42E00AA80E0 /* BrandModel.swift */; };
		18AC686E283AB83000AC1B95 /* DontBuyItApp.swift in Sources */ = {isa = PBXBuildFile; fileRef = 18AC686D283AB83000AC1B95 /* DontBuyItApp.swift */; };
		18AC6870283AB83000AC1B95 /* MainView.swift in Sources */ = {isa = PBXBuildFile; fileRef = 18AC686F283AB83000AC1B95 /* MainView.swift */; };
		18AC6872283AB83200AC1B95 /* Assets.xcassets in Resources */ = {isa = PBXBuildFile; fileRef = 18AC6871283AB83200AC1B95 /* Assets.xcassets */; };
		18AC6875283AB83200AC1B95 /* Preview Assets.xcassets in Resources */ = {isa = PBXBuildFile; fileRef = 18AC6874283AB83200AC1B95 /* Preview Assets.xcassets */; };
		18AC688A283AC68D00AC1B95 /* Roboto-LightItalic.ttf in Resources */ = {isa = PBXBuildFile; fileRef = 18AC687E283AC68D00AC1B95 /* Roboto-LightItalic.ttf */; };
		18AC688B283AC68D00AC1B95 /* Roboto-Bold.ttf in Resources */ = {isa = PBXBuildFile; fileRef = 18AC687F283AC68D00AC1B95 /* Roboto-Bold.ttf */; };
		18AC688C283AC68D00AC1B95 /* Roboto-Light.ttf in Resources */ = {isa = PBXBuildFile; fileRef = 18AC6880283AC68D00AC1B95 /* Roboto-Light.ttf */; };
		18AC688D283AC68D00AC1B95 /* Roboto-Medium.ttf in Resources */ = {isa = PBXBuildFile; fileRef = 18AC6881283AC68D00AC1B95 /* Roboto-Medium.ttf */; };
		18AC688E283AC68D00AC1B95 /* Roboto-MediumItalic.ttf in Resources */ = {isa = PBXBuildFile; fileRef = 18AC6882283AC68D00AC1B95 /* Roboto-MediumItalic.ttf */; };
		18AC688F283AC68D00AC1B95 /* Roboto-BlackItalic.ttf in Resources */ = {isa = PBXBuildFile; fileRef = 18AC6883283AC68D00AC1B95 /* Roboto-BlackItalic.ttf */; };
		18AC6890283AC68D00AC1B95 /* Roboto-Italic.ttf in Resources */ = {isa = PBXBuildFile; fileRef = 18AC6884283AC68D00AC1B95 /* Roboto-Italic.ttf */; };
		18AC6891283AC68D00AC1B95 /* Roboto-BoldItalic.ttf in Resources */ = {isa = PBXBuildFile; fileRef = 18AC6885283AC68D00AC1B95 /* Roboto-BoldItalic.ttf */; };
		18AC6892283AC68D00AC1B95 /* Roboto-Regular.ttf in Resources */ = {isa = PBXBuildFile; fileRef = 18AC6886283AC68D00AC1B95 /* Roboto-Regular.ttf */; };
		18AC6893283AC68D00AC1B95 /* Roboto-Thin.ttf in Resources */ = {isa = PBXBuildFile; fileRef = 18AC6887283AC68D00AC1B95 /* Roboto-Thin.ttf */; };
		18AC6894283AC68D00AC1B95 /* Roboto-ThinItalic.ttf in Resources */ = {isa = PBXBuildFile; fileRef = 18AC6888283AC68D00AC1B95 /* Roboto-ThinItalic.ttf */; };
		18AC6895283AC68D00AC1B95 /* Roboto-Black.ttf in Resources */ = {isa = PBXBuildFile; fileRef = 18AC6889283AC68D00AC1B95 /* Roboto-Black.ttf */; };
		18AC689D283ACAD300AC1B95 /* NavigationHeaderView.swift in Sources */ = {isa = PBXBuildFile; fileRef = 18AC689C283ACAD300AC1B95 /* NavigationHeaderView.swift */; };
		18AC68A0283ACC4300AC1B95 /* Localizable.strings in Resources */ = {isa = PBXBuildFile; fileRef = 18AC68A2283ACC4300AC1B95 /* Localizable.strings */; };
		18AC68A6283ACC9400AC1B95 /* Color+Constants.swift in Sources */ = {isa = PBXBuildFile; fileRef = 18AC68A5283ACC9400AC1B95 /* Color+Constants.swift */; };
		18AC68AB283ACDBC00AC1B95 /* String+ImageNames.swift in Sources */ = {isa = PBXBuildFile; fileRef = 18AC68AA283ACDBC00AC1B95 /* String+ImageNames.swift */; };
		18AC68AD283ACEA100AC1B95 /* Strings.swift in Sources */ = {isa = PBXBuildFile; fileRef = 18AC68AC283ACEA100AC1B95 /* Strings.swift */; };
		18AC68AF283ACEE400AC1B95 /* String+Convenience.swift in Sources */ = {isa = PBXBuildFile; fileRef = 18AC68AE283ACEE400AC1B95 /* String+Convenience.swift */; };
		18AC68B1283ACF6C00AC1B95 /* Font+Custom.swift in Sources */ = {isa = PBXBuildFile; fileRef = 18AC68B0283ACF6C00AC1B95 /* Font+Custom.swift */; };
		18AC68B3283AD2E500AC1B95 /* AppButton.swift in Sources */ = {isa = PBXBuildFile; fileRef = 18AC68B2283AD2E500AC1B95 /* AppButton.swift */; };
		18D8BEB3284F3B190031A6AB /* Color+Extensions.swift in Sources */ = {isa = PBXBuildFile; fileRef = 18D8BEB2284F3B190031A6AB /* Color+Extensions.swift */; };
		18D8BEB8284F3F640031A6AB /* Networking in Frameworks */ = {isa = PBXBuildFile; productRef = 18D8BEB7284F3F640031A6AB /* Networking */; };
		18D8BEBA284F41B50031A6AB /* API.swift in Sources */ = {isa = PBXBuildFile; fileRef = 18D8BEB9284F41B50031A6AB /* API.swift */; };
		18D8BEBD284F4A4F0031A6AB /* SplashView.swift in Sources */ = {isa = PBXBuildFile; fileRef = 18D8BEBC284F4A4F0031A6AB /* SplashView.swift */; };
		18D8BEBF284F4C6D0031A6AB /* SplashViewModel.swift in Sources */ = {isa = PBXBuildFile; fileRef = 18D8BEBE284F4C6D0031A6AB /* SplashViewModel.swift */; };
		18F43766283BE9F3002A027B /* SearchButton.swift in Sources */ = {isa = PBXBuildFile; fileRef = 18F43765283BE9F3002A027B /* SearchButton.swift */; };
		18F43768283BF4A7002A027B /* InfoLabel.swift in Sources */ = {isa = PBXBuildFile; fileRef = 18F43767283BF4A7002A027B /* InfoLabel.swift */; };
		18F4376A283BF6B2002A027B /* NotesView.swift in Sources */ = {isa = PBXBuildFile; fileRef = 18F43769283BF6B2002A027B /* NotesView.swift */; };
/* End PBXBuildFile section */

/* Begin PBXFileReference section */
		1828179B2868D9D4009E3524 /* DontBuyIt.xcdatamodel */ = {isa = PBXFileReference; lastKnownFileType = wrapper.xcdatamodel; path = DontBuyIt.xcdatamodel; sourceTree = "<group>"; };
		1828179E2869ACE1009E3524 /* PersistantModels+Init.swift */ = {isa = PBXFileReference; lastKnownFileType = sourcecode.swift; path = "PersistantModels+Init.swift"; sourceTree = "<group>"; };
		182817A22869B4AB009E3524 /* APIModels+Init.swift */ = {isa = PBXFileReference; lastKnownFileType = sourcecode.swift; path = "APIModels+Init.swift"; sourceTree = "<group>"; };
		182817A42869B85B009E3524 /* Persistence.swift */ = {isa = PBXFileReference; lastKnownFileType = sourcecode.swift; path = Persistence.swift; sourceTree = "<group>"; };
		182817A62869BB4E009E3524 /* Storage.swift */ = {isa = PBXFileReference; lastKnownFileType = sourcecode.swift; path = Storage.swift; sourceTree = "<group>"; };
		1853D54B283CC84A00179AC5 /* Note.swift */ = {isa = PBXFileReference; lastKnownFileType = sourcecode.swift; path = Note.swift; sourceTree = "<group>"; };
		1853D54F283D2FDA00179AC5 /* BrandListItemView.swift */ = {isa = PBXFileReference; lastKnownFileType = sourcecode.swift; path = BrandListItemView.swift; sourceTree = "<group>"; };
		1890242A28460B0F007D16ED /* BrandListItemViewModel.swift */ = {isa = PBXFileReference; lastKnownFileType = sourcecode.swift; path = BrandListItemViewModel.swift; sourceTree = "<group>"; };
		1890242F284757C4007D16ED /* ActivityIndicator.swift */ = {isa = PBXFileReference; lastKnownFileType = sourcecode.swift; path = ActivityIndicator.swift; sourceTree = "<group>"; };
		1890243128475831007D16ED /* LoadingView.swift */ = {isa = PBXFileReference; lastKnownFileType = sourcecode.swift; path = LoadingView.swift; sourceTree = "<group>"; };
		189CFC392848D98300AA80E0 /* BrandDetailsView.swift */ = {isa = PBXFileReference; lastKnownFileType = sourcecode.swift; path = BrandDetailsView.swift; sourceTree = "<group>"; };
		189CFC3D2848DEF300AA80E0 /* ProductItemView.swift */ = {isa = PBXFileReference; lastKnownFileType = sourcecode.swift; path = ProductItemView.swift; sourceTree = "<group>"; };
		189CFC3F2848E03F00AA80E0 /* BrandDetailsViewModel.swift */ = {isa = PBXFileReference; lastKnownFileType = sourcecode.swift; path = BrandDetailsViewModel.swift; sourceTree = "<group>"; };
		189CFC432848EDA400AA80E0 /* MainViewModel.swift */ = {isa = PBXFileReference; lastKnownFileType = sourcecode.swift; path = MainViewModel.swift; sourceTree = "<group>"; };
		189CFC472848F28D00AA80E0 /* GradeModel.swift */ = {isa = PBXFileReference; lastKnownFileType = sourcecode.swift; path = GradeModel.swift; sourceTree = "<group>"; };
		189CFC492848F3F200AA80E0 /* ProductModel.swift */ = {isa = PBXFileReference; lastKnownFileType = sourcecode.swift; path = ProductModel.swift; sourceTree = "<group>"; };
		189CFC4B2848F42E00AA80E0 /* BrandModel.swift */ = {isa = PBXFileReference; lastKnownFileType = sourcecode.swift; path = BrandModel.swift; sourceTree = "<group>"; };
		18AC686A283AB83000AC1B95 /* DontBuyIt.app */ = {isa = PBXFileReference; explicitFileType = wrapper.application; includeInIndex = 0; path = DontBuyIt.app; sourceTree = BUILT_PRODUCTS_DIR; };
		18AC686D283AB83000AC1B95 /* DontBuyItApp.swift */ = {isa = PBXFileReference; lastKnownFileType = sourcecode.swift; path = DontBuyItApp.swift; sourceTree = "<group>"; };
		18AC686F283AB83000AC1B95 /* MainView.swift */ = {isa = PBXFileReference; lastKnownFileType = sourcecode.swift; path = MainView.swift; sourceTree = "<group>"; };
		18AC6871283AB83200AC1B95 /* Assets.xcassets */ = {isa = PBXFileReference; lastKnownFileType = folder.assetcatalog; path = Assets.xcassets; sourceTree = "<group>"; };
		18AC6874283AB83200AC1B95 /* Preview Assets.xcassets */ = {isa = PBXFileReference; lastKnownFileType = folder.assetcatalog; path = "Preview Assets.xcassets"; sourceTree = "<group>"; };
		18AC687C283AC1BD00AC1B95 /* Info.plist */ = {isa = PBXFileReference; lastKnownFileType = text.plist; path = Info.plist; sourceTree = "<group>"; };
		18AC687E283AC68D00AC1B95 /* Roboto-LightItalic.ttf */ = {isa = PBXFileReference; lastKnownFileType = file; path = "Roboto-LightItalic.ttf"; sourceTree = "<group>"; };
		18AC687F283AC68D00AC1B95 /* Roboto-Bold.ttf */ = {isa = PBXFileReference; lastKnownFileType = file; path = "Roboto-Bold.ttf"; sourceTree = "<group>"; };
		18AC6880283AC68D00AC1B95 /* Roboto-Light.ttf */ = {isa = PBXFileReference; lastKnownFileType = file; path = "Roboto-Light.ttf"; sourceTree = "<group>"; };
		18AC6881283AC68D00AC1B95 /* Roboto-Medium.ttf */ = {isa = PBXFileReference; lastKnownFileType = file; path = "Roboto-Medium.ttf"; sourceTree = "<group>"; };
		18AC6882283AC68D00AC1B95 /* Roboto-MediumItalic.ttf */ = {isa = PBXFileReference; lastKnownFileType = file; path = "Roboto-MediumItalic.ttf"; sourceTree = "<group>"; };
		18AC6883283AC68D00AC1B95 /* Roboto-BlackItalic.ttf */ = {isa = PBXFileReference; lastKnownFileType = file; path = "Roboto-BlackItalic.ttf"; sourceTree = "<group>"; };
		18AC6884283AC68D00AC1B95 /* Roboto-Italic.ttf */ = {isa = PBXFileReference; lastKnownFileType = file; path = "Roboto-Italic.ttf"; sourceTree = "<group>"; };
		18AC6885283AC68D00AC1B95 /* Roboto-BoldItalic.ttf */ = {isa = PBXFileReference; lastKnownFileType = file; path = "Roboto-BoldItalic.ttf"; sourceTree = "<group>"; };
		18AC6886283AC68D00AC1B95 /* Roboto-Regular.ttf */ = {isa = PBXFileReference; lastKnownFileType = file; path = "Roboto-Regular.ttf"; sourceTree = "<group>"; };
		18AC6887283AC68D00AC1B95 /* Roboto-Thin.ttf */ = {isa = PBXFileReference; lastKnownFileType = file; path = "Roboto-Thin.ttf"; sourceTree = "<group>"; };
		18AC6888283AC68D00AC1B95 /* Roboto-ThinItalic.ttf */ = {isa = PBXFileReference; lastKnownFileType = file; path = "Roboto-ThinItalic.ttf"; sourceTree = "<group>"; };
		18AC6889283AC68D00AC1B95 /* Roboto-Black.ttf */ = {isa = PBXFileReference; lastKnownFileType = file; path = "Roboto-Black.ttf"; sourceTree = "<group>"; };
		18AC689C283ACAD300AC1B95 /* NavigationHeaderView.swift */ = {isa = PBXFileReference; lastKnownFileType = sourcecode.swift; path = NavigationHeaderView.swift; sourceTree = "<group>"; };
		18AC68A1283ACC4300AC1B95 /* en */ = {isa = PBXFileReference; lastKnownFileType = text.plist.strings; name = en; path = en.lproj/Localizable.strings; sourceTree = "<group>"; };
		18AC68A3283ACC4600AC1B95 /* uk */ = {isa = PBXFileReference; lastKnownFileType = text.plist.strings; name = uk; path = uk.lproj/Localizable.strings; sourceTree = "<group>"; };
		18AC68A5283ACC9400AC1B95 /* Color+Constants.swift */ = {isa = PBXFileReference; lastKnownFileType = sourcecode.swift; path = "Color+Constants.swift"; sourceTree = "<group>"; };
		18AC68AA283ACDBC00AC1B95 /* String+ImageNames.swift */ = {isa = PBXFileReference; lastKnownFileType = sourcecode.swift; path = "String+ImageNames.swift"; sourceTree = "<group>"; };
		18AC68AC283ACEA100AC1B95 /* Strings.swift */ = {isa = PBXFileReference; lastKnownFileType = sourcecode.swift; path = Strings.swift; sourceTree = "<group>"; };
		18AC68AE283ACEE400AC1B95 /* String+Convenience.swift */ = {isa = PBXFileReference; lastKnownFileType = sourcecode.swift; path = "String+Convenience.swift"; sourceTree = "<group>"; };
		18AC68B0283ACF6C00AC1B95 /* Font+Custom.swift */ = {isa = PBXFileReference; lastKnownFileType = sourcecode.swift; path = "Font+Custom.swift"; sourceTree = "<group>"; };
		18AC68B2283AD2E500AC1B95 /* AppButton.swift */ = {isa = PBXFileReference; lastKnownFileType = sourcecode.swift; path = AppButton.swift; sourceTree = "<group>"; };
		18D8BEB2284F3B190031A6AB /* Color+Extensions.swift */ = {isa = PBXFileReference; lastKnownFileType = sourcecode.swift; path = "Color+Extensions.swift"; sourceTree = "<group>"; };
		18D8BEB9284F41B50031A6AB /* API.swift */ = {isa = PBXFileReference; lastKnownFileType = sourcecode.swift; path = API.swift; sourceTree = "<group>"; };
		18D8BEBC284F4A4F0031A6AB /* SplashView.swift */ = {isa = PBXFileReference; lastKnownFileType = sourcecode.swift; path = SplashView.swift; sourceTree = "<group>"; };
		18D8BEBE284F4C6D0031A6AB /* SplashViewModel.swift */ = {isa = PBXFileReference; lastKnownFileType = sourcecode.swift; path = SplashViewModel.swift; sourceTree = "<group>"; };
		18F43765283BE9F3002A027B /* SearchButton.swift */ = {isa = PBXFileReference; lastKnownFileType = sourcecode.swift; path = SearchButton.swift; sourceTree = "<group>"; };
		18F43767283BF4A7002A027B /* InfoLabel.swift */ = {isa = PBXFileReference; lastKnownFileType = sourcecode.swift; path = InfoLabel.swift; sourceTree = "<group>"; };
		18F43769283BF6B2002A027B /* NotesView.swift */ = {isa = PBXFileReference; lastKnownFileType = sourcecode.swift; path = NotesView.swift; sourceTree = "<group>"; };
/* End PBXFileReference section */

/* Begin PBXFrameworksBuildPhase section */
		18AC6867283AB83000AC1B95 /* Frameworks */ = {
			isa = PBXFrameworksBuildPhase;
			buildActionMask = 2147483647;
			files = (
				18D8BEB8284F3F640031A6AB /* Networking in Frameworks */,
			);
			runOnlyForDeploymentPostprocessing = 0;
		};
/* End PBXFrameworksBuildPhase section */

/* Begin PBXGroup section */
		182817992868D9AA009E3524 /* Storage */ = {
			isa = PBXGroup;
			children = (
				182817A02869B48A009E3524 /* Extensions */,
				1828179A2868D9D4009E3524 /* DontBuyIt.xcdatamodeld */,
				182817A42869B85B009E3524 /* Persistence.swift */,
				182817A62869BB4E009E3524 /* Storage.swift */,
			);
			path = Storage;
			sourceTree = "<group>";
		};
		182817A02869B48A009E3524 /* Extensions */ = {
			isa = PBXGroup;
			children = (
				1828179E2869ACE1009E3524 /* PersistantModels+Init.swift */,
			);
			path = Extensions;
			sourceTree = "<group>";
		};
		182817A12869B49A009E3524 /* Extensions */ = {
			isa = PBXGroup;
			children = (
				182817A22869B4AB009E3524 /* APIModels+Init.swift */,
			);
			path = Extensions;
			sourceTree = "<group>";
		};
		1853D549283CC82B00179AC5 /* MainView */ = {
			isa = PBXGroup;
			children = (
				1853D54E283D2FC200179AC5 /* Items */,
				189CFC432848EDA400AA80E0 /* MainViewModel.swift */,
				18AC686F283AB83000AC1B95 /* MainView.swift */,
			);
			path = MainView;
			sourceTree = "<group>";
		};
		1853D54A283CC83600179AC5 /* NotesView */ = {
			isa = PBXGroup;
			children = (
				1853D54D283CC86800179AC5 /* Models */,
				18F43769283BF6B2002A027B /* NotesView.swift */,
			);
			path = NotesView;
			sourceTree = "<group>";
		};
		1853D54D283CC86800179AC5 /* Models */ = {
			isa = PBXGroup;
			children = (
				1853D54B283CC84A00179AC5 /* Note.swift */,
			);
			path = Models;
			sourceTree = "<group>";
		};
		1853D54E283D2FC200179AC5 /* Items */ = {
			isa = PBXGroup;
			children = (
				1890242928460AFA007D16ED /* BrandListItem */,
			);
			path = Items;
			sourceTree = "<group>";
		};
		1890242928460AFA007D16ED /* BrandListItem */ = {
			isa = PBXGroup;
			children = (
				1890242A28460B0F007D16ED /* BrandListItemViewModel.swift */,
				1853D54F283D2FDA00179AC5 /* BrandListItemView.swift */,
			);
			path = BrandListItem;
			sourceTree = "<group>";
		};
		1890243328475E3B007D16ED /* UIKit */ = {
			isa = PBXGroup;
			children = (
				1890242F284757C4007D16ED /* ActivityIndicator.swift */,
			);
			path = UIKit;
			sourceTree = "<group>";
		};
		189CFC3B2848D98700AA80E0 /* BrandDetailsView */ = {
			isa = PBXGroup;
			children = (
				189CFC3C2848DED400AA80E0 /* Items */,
				189CFC3F2848E03F00AA80E0 /* BrandDetailsViewModel.swift */,
				189CFC392848D98300AA80E0 /* BrandDetailsView.swift */,
			);
			path = BrandDetailsView;
			sourceTree = "<group>";
		};
		189CFC3C2848DED400AA80E0 /* Items */ = {
			isa = PBXGroup;
			children = (
				189CFC3D2848DEF300AA80E0 /* ProductItemView.swift */,
			);
			path = Items;
			sourceTree = "<group>";
		};
		189CFC452848F24E00AA80E0 /* Networking */ = {
			isa = PBXGroup;
			children = (
				189CFC462848F25A00AA80E0 /* Models */,
				18D8BEB9284F41B50031A6AB /* API.swift */,
			);
			path = Networking;
			sourceTree = "<group>";
		};
		189CFC462848F25A00AA80E0 /* Models */ = {
			isa = PBXGroup;
			children = (
				182817A12869B49A009E3524 /* Extensions */,
				189CFC472848F28D00AA80E0 /* GradeModel.swift */,
				189CFC492848F3F200AA80E0 /* ProductModel.swift */,
				189CFC4B2848F42E00AA80E0 /* BrandModel.swift */,
			);
			path = Models;
			sourceTree = "<group>";
		};
		18AC6861283AB83000AC1B95 = {
			isa = PBXGroup;
			children = (
				18AC686C283AB83000AC1B95 /* DontBuyIt */,
				18AC686B283AB83000AC1B95 /* Products */,
			);
			sourceTree = "<group>";
		};
		18AC686B283AB83000AC1B95 /* Products */ = {
			isa = PBXGroup;
			children = (
				18AC686A283AB83000AC1B95 /* DontBuyIt.app */,
			);
			name = Products;
			sourceTree = "<group>";
		};
		18AC686C283AB83000AC1B95 /* DontBuyIt */ = {
			isa = PBXGroup;
			children = (
				18AC687C283AC1BD00AC1B95 /* Info.plist */,
				18AC6896283ACA5700AC1B95 /* App */,
				18D8BEB5284F3C370031A6AB /* Environment */,
				189CFC452848F24E00AA80E0 /* Networking */,
				18AC6897283ACA6200AC1B95 /* Views */,
				18AC68A4283ACC7B00AC1B95 /* Typography */,
				18AC687B283AB8FC00AC1B95 /* Resources */,
				18AC6873283AB83200AC1B95 /* Preview Content */,
			);
			path = DontBuyIt;
			sourceTree = "<group>";
		};
		18AC6873283AB83200AC1B95 /* Preview Content */ = {
			isa = PBXGroup;
			children = (
				18AC6874283AB83200AC1B95 /* Preview Assets.xcassets */,
			);
			path = "Preview Content";
			sourceTree = "<group>";
		};
		18AC687B283AB8FC00AC1B95 /* Resources */ = {
			isa = PBXGroup;
			children = (
				18AC687D283AC67C00AC1B95 /* Fonts */,
				18AC6871283AB83200AC1B95 /* Assets.xcassets */,
				18AC68A2283ACC4300AC1B95 /* Localizable.strings */,
			);
			path = Resources;
			sourceTree = "<group>";
		};
		18AC687D283AC67C00AC1B95 /* Fonts */ = {
			isa = PBXGroup;
			children = (
				18AC6889283AC68D00AC1B95 /* Roboto-Black.ttf */,
				18AC6883283AC68D00AC1B95 /* Roboto-BlackItalic.ttf */,
				18AC687F283AC68D00AC1B95 /* Roboto-Bold.ttf */,
				18AC6885283AC68D00AC1B95 /* Roboto-BoldItalic.ttf */,
				18AC6884283AC68D00AC1B95 /* Roboto-Italic.ttf */,
				18AC6880283AC68D00AC1B95 /* Roboto-Light.ttf */,
				18AC687E283AC68D00AC1B95 /* Roboto-LightItalic.ttf */,
				18AC6881283AC68D00AC1B95 /* Roboto-Medium.ttf */,
				18AC6882283AC68D00AC1B95 /* Roboto-MediumItalic.ttf */,
				18AC6886283AC68D00AC1B95 /* Roboto-Regular.ttf */,
				18AC6887283AC68D00AC1B95 /* Roboto-Thin.ttf */,
				18AC6888283AC68D00AC1B95 /* Roboto-ThinItalic.ttf */,
			);
			path = Fonts;
			sourceTree = "<group>";
		};
		18AC6896283ACA5700AC1B95 /* App */ = {
			isa = PBXGroup;
			children = (
				18AC686D283AB83000AC1B95 /* DontBuyItApp.swift */,
			);
			path = App;
			sourceTree = "<group>";
		};
		18AC6897283ACA6200AC1B95 /* Views */ = {
			isa = PBXGroup;
			children = (
				18AC689A283ACAA100AC1B95 /* App */,
				18AC689B283ACABD00AC1B95 /* Common */,
			);
			path = Views;
			sourceTree = "<group>";
		};
		18AC689A283ACAA100AC1B95 /* App */ = {
			isa = PBXGroup;
			children = (
				18D8BEBB284F4A380031A6AB /* SplashView */,
				1853D549283CC82B00179AC5 /* MainView */,
				1853D54A283CC83600179AC5 /* NotesView */,
				189CFC3B2848D98700AA80E0 /* BrandDetailsView */,
			);
			path = App;
			sourceTree = "<group>";
		};
		18AC689B283ACABD00AC1B95 /* Common */ = {
			isa = PBXGroup;
			children = (
				1890243328475E3B007D16ED /* UIKit */,
				18AC689C283ACAD300AC1B95 /* NavigationHeaderView.swift */,
				18AC68B2283AD2E500AC1B95 /* AppButton.swift */,
				18F43765283BE9F3002A027B /* SearchButton.swift */,
				18F43767283BF4A7002A027B /* InfoLabel.swift */,
				1890243128475831007D16ED /* LoadingView.swift */,
			);
			path = Common;
			sourceTree = "<group>";
		};
		18AC68A4283ACC7B00AC1B95 /* Typography */ = {
			isa = PBXGroup;
			children = (
				18AC68A9283ACD7900AC1B95 /* Extensions */,
				18AC68AC283ACEA100AC1B95 /* Strings.swift */,
			);
			path = Typography;
			sourceTree = "<group>";
		};
		18AC68A9283ACD7900AC1B95 /* Extensions */ = {
			isa = PBXGroup;
			children = (
				18AC68A5283ACC9400AC1B95 /* Color+Constants.swift */,
				18AC68AA283ACDBC00AC1B95 /* String+ImageNames.swift */,
				18AC68AE283ACEE400AC1B95 /* String+Convenience.swift */,
				18AC68B0283ACF6C00AC1B95 /* Font+Custom.swift */,
				18D8BEB2284F3B190031A6AB /* Color+Extensions.swift */,
			);
			path = Extensions;
			sourceTree = "<group>";
		};
		18D8BEB5284F3C370031A6AB /* Environment */ = {
			isa = PBXGroup;
			children = (
				182817992868D9AA009E3524 /* Storage */,
			);
			path = Environment;
			sourceTree = "<group>";
		};
		18D8BEBB284F4A380031A6AB /* SplashView */ = {
			isa = PBXGroup;
			children = (
				18D8BEBE284F4C6D0031A6AB /* SplashViewModel.swift */,
				18D8BEBC284F4A4F0031A6AB /* SplashView.swift */,
			);
			path = SplashView;
			sourceTree = "<group>";
		};
/* End PBXGroup section */

/* Begin PBXNativeTarget section */
		18AC6869283AB83000AC1B95 /* DontBuyIt */ = {
			isa = PBXNativeTarget;
			buildConfigurationList = 18AC6878283AB83200AC1B95 /* Build configuration list for PBXNativeTarget "DontBuyIt" */;
			buildPhases = (
				18AC6866283AB83000AC1B95 /* Sources */,
				18AC6867283AB83000AC1B95 /* Frameworks */,
				18AC6868283AB83000AC1B95 /* Resources */,
			);
			buildRules = (
			);
			dependencies = (
			);
			name = DontBuyIt;
			packageProductDependencies = (
				18D8BEB7284F3F640031A6AB /* Networking */,
			);
			productName = DontBuyIt;
			productReference = 18AC686A283AB83000AC1B95 /* DontBuyIt.app */;
			productType = "com.apple.product-type.application";
		};
/* End PBXNativeTarget section */

/* Begin PBXProject section */
		18AC6862283AB83000AC1B95 /* Project object */ = {
			isa = PBXProject;
			attributes = {
				BuildIndependentTargetsInParallel = 1;
				LastSwiftUpdateCheck = 1320;
				LastUpgradeCheck = 1320;
				TargetAttributes = {
					18AC6869283AB83000AC1B95 = {
						CreatedOnToolsVersion = 13.2.1;
					};
				};
			};
			buildConfigurationList = 18AC6865283AB83000AC1B95 /* Build configuration list for PBXProject "DontBuyIt" */;
			compatibilityVersion = "Xcode 13.0";
			developmentRegion = en;
			hasScannedForEncodings = 0;
			knownRegions = (
				en,
				Base,
				uk,
			);
			mainGroup = 18AC6861283AB83000AC1B95;
			packageReferences = (
				18D8BEB6284F3F640031A6AB /* XCRemoteSwiftPackageReference "Networking" */,
			);
			productRefGroup = 18AC686B283AB83000AC1B95 /* Products */;
			projectDirPath = "";
			projectRoot = "";
			targets = (
				18AC6869283AB83000AC1B95 /* DontBuyIt */,
			);
		};
/* End PBXProject section */

/* Begin PBXResourcesBuildPhase section */
		18AC6868283AB83000AC1B95 /* Resources */ = {
			isa = PBXResourcesBuildPhase;
			buildActionMask = 2147483647;
			files = (
				18AC6875283AB83200AC1B95 /* Preview Assets.xcassets in Resources */,
				18AC6892283AC68D00AC1B95 /* Roboto-Regular.ttf in Resources */,
				18AC6890283AC68D00AC1B95 /* Roboto-Italic.ttf in Resources */,
				18AC6872283AB83200AC1B95 /* Assets.xcassets in Resources */,
				18AC688D283AC68D00AC1B95 /* Roboto-Medium.ttf in Resources */,
				18AC688C283AC68D00AC1B95 /* Roboto-Light.ttf in Resources */,
				18AC688E283AC68D00AC1B95 /* Roboto-MediumItalic.ttf in Resources */,
				18AC688B283AC68D00AC1B95 /* Roboto-Bold.ttf in Resources */,
				18AC6893283AC68D00AC1B95 /* Roboto-Thin.ttf in Resources */,
				18AC688A283AC68D00AC1B95 /* Roboto-LightItalic.ttf in Resources */,
				18AC68A0283ACC4300AC1B95 /* Localizable.strings in Resources */,
				18AC6891283AC68D00AC1B95 /* Roboto-BoldItalic.ttf in Resources */,
				18AC6895283AC68D00AC1B95 /* Roboto-Black.ttf in Resources */,
				18AC688F283AC68D00AC1B95 /* Roboto-BlackItalic.ttf in Resources */,
				18AC6894283AC68D00AC1B95 /* Roboto-ThinItalic.ttf in Resources */,
			);
			runOnlyForDeploymentPostprocessing = 0;
		};
/* End PBXResourcesBuildPhase section */

/* Begin PBXSourcesBuildPhase section */
		18AC6866283AB83000AC1B95 /* Sources */ = {
			isa = PBXSourcesBuildPhase;
			buildActionMask = 2147483647;
			files = (
				18AC68AB283ACDBC00AC1B95 /* String+ImageNames.swift in Sources */,
				18AC6870283AB83000AC1B95 /* MainView.swift in Sources */,
				18F4376A283BF6B2002A027B /* NotesView.swift in Sources */,
				18D8BEBF284F4C6D0031A6AB /* SplashViewModel.swift in Sources */,
				189CFC4C2848F42E00AA80E0 /* BrandModel.swift in Sources */,
				18AC68B1283ACF6C00AC1B95 /* Font+Custom.swift in Sources */,
				18D8BEB3284F3B190031A6AB /* Color+Extensions.swift in Sources */,
				1890243228475831007D16ED /* LoadingView.swift in Sources */,
				189CFC482848F28D00AA80E0 /* GradeModel.swift in Sources */,
				18D8BEBD284F4A4F0031A6AB /* SplashView.swift in Sources */,
				1828179F2869ACE1009E3524 /* PersistantModels+Init.swift in Sources */,
				18D8BEBA284F41B50031A6AB /* API.swift in Sources */,
				182817A52869B85B009E3524 /* Persistence.swift in Sources */,
				18AC68B3283AD2E500AC1B95 /* AppButton.swift in Sources */,
				182817A32869B4AB009E3524 /* APIModels+Init.swift in Sources */,
				189CFC3E2848DEF300AA80E0 /* ProductItemView.swift in Sources */,
				189CFC402848E03F00AA80E0 /* BrandDetailsViewModel.swift in Sources */,
				1853D550283D2FDA00179AC5 /* BrandListItemView.swift in Sources */,
				1853D54C283CC84A00179AC5 /* Note.swift in Sources */,
				18AC689D283ACAD300AC1B95 /* NavigationHeaderView.swift in Sources */,
				189CFC3A2848D98300AA80E0 /* BrandDetailsView.swift in Sources */,
				18F43766283BE9F3002A027B /* SearchButton.swift in Sources */,
				18AC686E283AB83000AC1B95 /* DontBuyItApp.swift in Sources */,
				182817A72869BB4E009E3524 /* Storage.swift in Sources */,
				1828179C2868D9D4009E3524 /* DontBuyIt.xcdatamodeld in Sources */,
				189CFC442848EDA400AA80E0 /* MainViewModel.swift in Sources */,
				18F43768283BF4A7002A027B /* InfoLabel.swift in Sources */,
				1890242B28460B0F007D16ED /* BrandListItemViewModel.swift in Sources */,
				189CFC4A2848F3F200AA80E0 /* ProductModel.swift in Sources */,
				18902430284757C4007D16ED /* ActivityIndicator.swift in Sources */,
				18AC68AD283ACEA100AC1B95 /* Strings.swift in Sources */,
				18AC68AF283ACEE400AC1B95 /* String+Convenience.swift in Sources */,
				18AC68A6283ACC9400AC1B95 /* Color+Constants.swift in Sources */,
			);
			runOnlyForDeploymentPostprocessing = 0;
		};
/* End PBXSourcesBuildPhase section */

/* Begin PBXVariantGroup section */
		18AC68A2283ACC4300AC1B95 /* Localizable.strings */ = {
			isa = PBXVariantGroup;
			children = (
				18AC68A1283ACC4300AC1B95 /* en */,
				18AC68A3283ACC4600AC1B95 /* uk */,
			);
			name = Localizable.strings;
			sourceTree = "<group>";
		};
/* End PBXVariantGroup section */

/* Begin XCBuildConfiguration section */
		18AC6876283AB83200AC1B95 /* Debug */ = {
			isa = XCBuildConfiguration;
			buildSettings = {
				ALWAYS_SEARCH_USER_PATHS = NO;
				CLANG_ANALYZER_NONNULL = YES;
				CLANG_ANALYZER_NUMBER_OBJECT_CONVERSION = YES_AGGRESSIVE;
				CLANG_CXX_LANGUAGE_STANDARD = "gnu++17";
				CLANG_CXX_LIBRARY = "libc++";
				CLANG_ENABLE_MODULES = YES;
				CLANG_ENABLE_OBJC_ARC = YES;
				CLANG_ENABLE_OBJC_WEAK = YES;
				CLANG_WARN_BLOCK_CAPTURE_AUTORELEASING = YES;
				CLANG_WARN_BOOL_CONVERSION = YES;
				CLANG_WARN_COMMA = YES;
				CLANG_WARN_CONSTANT_CONVERSION = YES;
				CLANG_WARN_DEPRECATED_OBJC_IMPLEMENTATIONS = YES;
				CLANG_WARN_DIRECT_OBJC_ISA_USAGE = YES_ERROR;
				CLANG_WARN_DOCUMENTATION_COMMENTS = YES;
				CLANG_WARN_EMPTY_BODY = YES;
				CLANG_WARN_ENUM_CONVERSION = YES;
				CLANG_WARN_INFINITE_RECURSION = YES;
				CLANG_WARN_INT_CONVERSION = YES;
				CLANG_WARN_NON_LITERAL_NULL_CONVERSION = YES;
				CLANG_WARN_OBJC_IMPLICIT_RETAIN_SELF = YES;
				CLANG_WARN_OBJC_LITERAL_CONVERSION = YES;
				CLANG_WARN_OBJC_ROOT_CLASS = YES_ERROR;
				CLANG_WARN_QUOTED_INCLUDE_IN_FRAMEWORK_HEADER = YES;
				CLANG_WARN_RANGE_LOOP_ANALYSIS = YES;
				CLANG_WARN_STRICT_PROTOTYPES = YES;
				CLANG_WARN_SUSPICIOUS_MOVE = YES;
				CLANG_WARN_UNGUARDED_AVAILABILITY = YES_AGGRESSIVE;
				CLANG_WARN_UNREACHABLE_CODE = YES;
				CLANG_WARN__DUPLICATE_METHOD_MATCH = YES;
				COPY_PHASE_STRIP = NO;
				DEBUG_INFORMATION_FORMAT = dwarf;
				ENABLE_STRICT_OBJC_MSGSEND = YES;
				ENABLE_TESTABILITY = YES;
				GCC_C_LANGUAGE_STANDARD = gnu11;
				GCC_DYNAMIC_NO_PIC = NO;
				GCC_NO_COMMON_BLOCKS = YES;
				GCC_OPTIMIZATION_LEVEL = 0;
				GCC_PREPROCESSOR_DEFINITIONS = (
					"DEBUG=1",
					"$(inherited)",
				);
				GCC_WARN_64_TO_32_BIT_CONVERSION = YES;
				GCC_WARN_ABOUT_RETURN_TYPE = YES_ERROR;
				GCC_WARN_UNDECLARED_SELECTOR = YES;
				GCC_WARN_UNINITIALIZED_AUTOS = YES_AGGRESSIVE;
				GCC_WARN_UNUSED_FUNCTION = YES;
				GCC_WARN_UNUSED_VARIABLE = YES;
				IPHONEOS_DEPLOYMENT_TARGET = 15.2;
				MTL_ENABLE_DEBUG_INFO = INCLUDE_SOURCE;
				MTL_FAST_MATH = YES;
				ONLY_ACTIVE_ARCH = YES;
				SDKROOT = iphoneos;
				SWIFT_ACTIVE_COMPILATION_CONDITIONS = DEBUG;
				SWIFT_OPTIMIZATION_LEVEL = "-Onone";
			};
			name = Debug;
		};
		18AC6877283AB83200AC1B95 /* Release */ = {
			isa = XCBuildConfiguration;
			buildSettings = {
				ALWAYS_SEARCH_USER_PATHS = NO;
				CLANG_ANALYZER_NONNULL = YES;
				CLANG_ANALYZER_NUMBER_OBJECT_CONVERSION = YES_AGGRESSIVE;
				CLANG_CXX_LANGUAGE_STANDARD = "gnu++17";
				CLANG_CXX_LIBRARY = "libc++";
				CLANG_ENABLE_MODULES = YES;
				CLANG_ENABLE_OBJC_ARC = YES;
				CLANG_ENABLE_OBJC_WEAK = YES;
				CLANG_WARN_BLOCK_CAPTURE_AUTORELEASING = YES;
				CLANG_WARN_BOOL_CONVERSION = YES;
				CLANG_WARN_COMMA = YES;
				CLANG_WARN_CONSTANT_CONVERSION = YES;
				CLANG_WARN_DEPRECATED_OBJC_IMPLEMENTATIONS = YES;
				CLANG_WARN_DIRECT_OBJC_ISA_USAGE = YES_ERROR;
				CLANG_WARN_DOCUMENTATION_COMMENTS = YES;
				CLANG_WARN_EMPTY_BODY = YES;
				CLANG_WARN_ENUM_CONVERSION = YES;
				CLANG_WARN_INFINITE_RECURSION = YES;
				CLANG_WARN_INT_CONVERSION = YES;
				CLANG_WARN_NON_LITERAL_NULL_CONVERSION = YES;
				CLANG_WARN_OBJC_IMPLICIT_RETAIN_SELF = YES;
				CLANG_WARN_OBJC_LITERAL_CONVERSION = YES;
				CLANG_WARN_OBJC_ROOT_CLASS = YES_ERROR;
				CLANG_WARN_QUOTED_INCLUDE_IN_FRAMEWORK_HEADER = YES;
				CLANG_WARN_RANGE_LOOP_ANALYSIS = YES;
				CLANG_WARN_STRICT_PROTOTYPES = YES;
				CLANG_WARN_SUSPICIOUS_MOVE = YES;
				CLANG_WARN_UNGUARDED_AVAILABILITY = YES_AGGRESSIVE;
				CLANG_WARN_UNREACHABLE_CODE = YES;
				CLANG_WARN__DUPLICATE_METHOD_MATCH = YES;
				COPY_PHASE_STRIP = NO;
				DEBUG_INFORMATION_FORMAT = "dwarf-with-dsym";
				ENABLE_NS_ASSERTIONS = NO;
				ENABLE_STRICT_OBJC_MSGSEND = YES;
				GCC_C_LANGUAGE_STANDARD = gnu11;
				GCC_NO_COMMON_BLOCKS = YES;
				GCC_WARN_64_TO_32_BIT_CONVERSION = YES;
				GCC_WARN_ABOUT_RETURN_TYPE = YES_ERROR;
				GCC_WARN_UNDECLARED_SELECTOR = YES;
				GCC_WARN_UNINITIALIZED_AUTOS = YES_AGGRESSIVE;
				GCC_WARN_UNUSED_FUNCTION = YES;
				GCC_WARN_UNUSED_VARIABLE = YES;
				IPHONEOS_DEPLOYMENT_TARGET = 15.2;
				MTL_ENABLE_DEBUG_INFO = NO;
				MTL_FAST_MATH = YES;
				SDKROOT = iphoneos;
				SWIFT_COMPILATION_MODE = wholemodule;
				SWIFT_OPTIMIZATION_LEVEL = "-O";
				VALIDATE_PRODUCT = YES;
			};
			name = Release;
		};
		18AC6879283AB83200AC1B95 /* Debug */ = {
			isa = XCBuildConfiguration;
			buildSettings = {
				ASSETCATALOG_COMPILER_APPICON_NAME = AppIcon;
				ASSETCATALOG_COMPILER_GLOBAL_ACCENT_COLOR_NAME = AccentColor;
				CODE_SIGN_STYLE = Automatic;
				CURRENT_PROJECT_VERSION = 1;
				DEVELOPMENT_ASSET_PATHS = "\"DontBuyIt/Preview Content\"";
				ENABLE_PREVIEWS = YES;
				GENERATE_INFOPLIST_FILE = YES;
				INFOPLIST_FILE = DontBuyIt/Info.plist;
				INFOPLIST_KEY_LSApplicationCategoryType = "";
				INFOPLIST_KEY_UIApplicationSceneManifest_Generation = YES;
				INFOPLIST_KEY_UIApplicationSupportsIndirectInputEvents = YES;
				INFOPLIST_KEY_UISupportedInterfaceOrientations = UIInterfaceOrientationPortrait;
				INFOPLIST_KEY_UISupportedInterfaceOrientations_iPad = "UIInterfaceOrientationPortrait UIInterfaceOrientationPortraitUpsideDown UIInterfaceOrientationLandscapeLeft UIInterfaceOrientationLandscapeRight";
				INFOPLIST_KEY_UISupportedInterfaceOrientations_iPhone = "UIInterfaceOrientationPortrait UIInterfaceOrientationLandscapeLeft UIInterfaceOrientationLandscapeRight";
				LD_RUNPATH_SEARCH_PATHS = (
					"$(inherited)",
					"@executable_path/Frameworks",
				);
				MARKETING_VERSION = 1.0;
				PRODUCT_BUNDLE_IDENTIFIER = com.pavelborisov.DontBuyIt;
				PRODUCT_NAME = "$(TARGET_NAME)";
				SWIFT_EMIT_LOC_STRINGS = YES;
				SWIFT_VERSION = 5.0;
				TARGETED_DEVICE_FAMILY = 1;
			};
			name = Debug;
		};
		18AC687A283AB83200AC1B95 /* Release */ = {
			isa = XCBuildConfiguration;
			buildSettings = {
				ASSETCATALOG_COMPILER_APPICON_NAME = AppIcon;
				ASSETCATALOG_COMPILER_GLOBAL_ACCENT_COLOR_NAME = AccentColor;
				CODE_SIGN_STYLE = Automatic;
				CURRENT_PROJECT_VERSION = 1;
				DEVELOPMENT_ASSET_PATHS = "\"DontBuyIt/Preview Content\"";
				ENABLE_PREVIEWS = YES;
				GENERATE_INFOPLIST_FILE = YES;
				INFOPLIST_FILE = DontBuyIt/Info.plist;
				INFOPLIST_KEY_LSApplicationCategoryType = "";
				INFOPLIST_KEY_UIApplicationSceneManifest_Generation = YES;
				INFOPLIST_KEY_UIApplicationSupportsIndirectInputEvents = YES;
				INFOPLIST_KEY_UISupportedInterfaceOrientations = UIInterfaceOrientationPortrait;
				INFOPLIST_KEY_UISupportedInterfaceOrientations_iPad = "UIInterfaceOrientationPortrait UIInterfaceOrientationPortraitUpsideDown UIInterfaceOrientationLandscapeLeft UIInterfaceOrientationLandscapeRight";
				INFOPLIST_KEY_UISupportedInterfaceOrientations_iPhone = "UIInterfaceOrientationPortrait UIInterfaceOrientationLandscapeLeft UIInterfaceOrientationLandscapeRight";
				LD_RUNPATH_SEARCH_PATHS = (
					"$(inherited)",
					"@executable_path/Frameworks",
				);
				MARKETING_VERSION = 1.0;
				PRODUCT_BUNDLE_IDENTIFIER = com.pavelborisov.DontBuyIt;
				PRODUCT_NAME = "$(TARGET_NAME)";
				SWIFT_EMIT_LOC_STRINGS = YES;
				SWIFT_VERSION = 5.0;
				TARGETED_DEVICE_FAMILY = 1;
			};
			name = Release;
		};
/* End XCBuildConfiguration section */

/* Begin XCConfigurationList section */
		18AC6865283AB83000AC1B95 /* Build configuration list for PBXProject "DontBuyIt" */ = {
			isa = XCConfigurationList;
			buildConfigurations = (
				18AC6876283AB83200AC1B95 /* Debug */,
				18AC6877283AB83200AC1B95 /* Release */,
			);
			defaultConfigurationIsVisible = 0;
			defaultConfigurationName = Release;
		};
		18AC6878283AB83200AC1B95 /* Build configuration list for PBXNativeTarget "DontBuyIt" */ = {
			isa = XCConfigurationList;
			buildConfigurations = (
				18AC6879283AB83200AC1B95 /* Debug */,
				18AC687A283AB83200AC1B95 /* Release */,
			);
			defaultConfigurationIsVisible = 0;
			defaultConfigurationName = Release;
		};
/* End XCConfigurationList section */

/* Begin XCRemoteSwiftPackageReference section */
		18D8BEB6284F3F640031A6AB /* XCRemoteSwiftPackageReference "Networking" */ = {
			isa = XCRemoteSwiftPackageReference;
			repositoryURL = "https://github.com/freshOS/Networking";
			requirement = {
				kind = upToNextMajorVersion;
				minimumVersion = 1.0.0;
			};
		};
/* End XCRemoteSwiftPackageReference section */

/* Begin XCSwiftPackageProductDependency section */
		18D8BEB7284F3F640031A6AB /* Networking */ = {
			isa = XCSwiftPackageProductDependency;
			package = 18D8BEB6284F3F640031A6AB /* XCRemoteSwiftPackageReference "Networking" */;
			productName = Networking;
		};
/* End XCSwiftPackageProductDependency section */

/* Begin XCVersionGroup section */
		1828179A2868D9D4009E3524 /* DontBuyIt.xcdatamodeld */ = {
			isa = XCVersionGroup;
			children = (
				1828179B2868D9D4009E3524 /* DontBuyIt.xcdatamodel */,
			);
			currentVersion = 1828179B2868D9D4009E3524 /* DontBuyIt.xcdatamodel */;
			path = DontBuyIt.xcdatamodeld;
			sourceTree = "<group>";
			versionGroupType = wrapper.xcdatamodel;
		};
/* End XCVersionGroup section */
	};
	rootObject = 18AC6862283AB83000AC1B95 /* Project object */;
}
